// !$*UTF8*$!
{
	archiveVersion = 1;
	classes = {
	};
	objectVersion = 46;
	objects = {

/* Begin PBXBuildFile section */
		21F7324E1A7FBF0800D3484C /* ofxGVF.cpp in Sources */ = {isa = PBXBuildFile; fileRef = 21F7324A1A7FBF0800D3484C /* ofxGVF.cpp */; };
		21F734E51A7FC11700D3484C /* ofxUI2DGraph.cpp in Sources */ = {isa = PBXBuildFile; fileRef = 21F734521A7FC11700D3484C /* ofxUI2DGraph.cpp */; };
		21F734E61A7FC11700D3484C /* ofxUI2DPad.cpp in Sources */ = {isa = PBXBuildFile; fileRef = 21F734541A7FC11700D3484C /* ofxUI2DPad.cpp */; };
		21F734E71A7FC11700D3484C /* ofxUIBaseDraws.cpp in Sources */ = {isa = PBXBuildFile; fileRef = 21F734561A7FC11700D3484C /* ofxUIBaseDraws.cpp */; };
		21F734E81A7FC11700D3484C /* ofxUIBiLabelSlider.cpp in Sources */ = {isa = PBXBuildFile; fileRef = 21F734581A7FC11700D3484C /* ofxUIBiLabelSlider.cpp */; };
		21F734E91A7FC11700D3484C /* ofxUIButton.cpp in Sources */ = {isa = PBXBuildFile; fileRef = 21F7345A1A7FC11700D3484C /* ofxUIButton.cpp */; };
		21F734EA1A7FC11700D3484C /* ofxUICanvas.cpp in Sources */ = {isa = PBXBuildFile; fileRef = 21F7345C1A7FC11700D3484C /* ofxUICanvas.cpp */; };
		21F734EB1A7FC11700D3484C /* ofxUICircleSlider.cpp in Sources */ = {isa = PBXBuildFile; fileRef = 21F7345E1A7FC11700D3484C /* ofxUICircleSlider.cpp */; };
		21F734EC1A7FC11700D3484C /* ofxUIDragableLabelButton.cpp in Sources */ = {isa = PBXBuildFile; fileRef = 21F734611A7FC11700D3484C /* ofxUIDragableLabelButton.cpp */; };
		21F734ED1A7FC11700D3484C /* ofxUIDropDownList.cpp in Sources */ = {isa = PBXBuildFile; fileRef = 21F734631A7FC11700D3484C /* ofxUIDropDownList.cpp */; };
		21F734EE1A7FC11700D3484C /* ofxUIEventArgs.cpp in Sources */ = {isa = PBXBuildFile; fileRef = 21F734651A7FC11700D3484C /* ofxUIEventArgs.cpp */; };
		21F734EF1A7FC11700D3484C /* ofxUIFPS.cpp in Sources */ = {isa = PBXBuildFile; fileRef = 21F734671A7FC11700D3484C /* ofxUIFPS.cpp */; };
		21F734F01A7FC11700D3484C /* ofxUIFPSSlider.cpp in Sources */ = {isa = PBXBuildFile; fileRef = 21F734691A7FC11700D3484C /* ofxUIFPSSlider.cpp */; };
		21F734F11A7FC11700D3484C /* ofxUIImage.cpp in Sources */ = {isa = PBXBuildFile; fileRef = 21F7346B1A7FC11700D3484C /* ofxUIImage.cpp */; };
		21F734F21A7FC11700D3484C /* ofxUIImageButton.cpp in Sources */ = {isa = PBXBuildFile; fileRef = 21F7346D1A7FC11700D3484C /* ofxUIImageButton.cpp */; };
		21F734F31A7FC11700D3484C /* ofxUIImageSampler.cpp in Sources */ = {isa = PBXBuildFile; fileRef = 21F7346F1A7FC11700D3484C /* ofxUIImageSampler.cpp */; };
		21F734F41A7FC11700D3484C /* ofxUIImageSlider.cpp in Sources */ = {isa = PBXBuildFile; fileRef = 21F734711A7FC11700D3484C /* ofxUIImageSlider.cpp */; };
		21F734F51A7FC11700D3484C /* ofxUIImageToggle.cpp in Sources */ = {isa = PBXBuildFile; fileRef = 21F734731A7FC11700D3484C /* ofxUIImageToggle.cpp */; };
		21F734F61A7FC11700D3484C /* ofxUILabel.cpp in Sources */ = {isa = PBXBuildFile; fileRef = 21F734751A7FC11700D3484C /* ofxUILabel.cpp */; };
		21F734F71A7FC11700D3484C /* ofxUILabelButton.cpp in Sources */ = {isa = PBXBuildFile; fileRef = 21F734771A7FC11700D3484C /* ofxUILabelButton.cpp */; };
		21F734F81A7FC11700D3484C /* ofxUILabelToggle.cpp in Sources */ = {isa = PBXBuildFile; fileRef = 21F734791A7FC11700D3484C /* ofxUILabelToggle.cpp */; };
		21F734F91A7FC11700D3484C /* ofxUIMinimalSlider.cpp in Sources */ = {isa = PBXBuildFile; fileRef = 21F7347B1A7FC11700D3484C /* ofxUIMinimalSlider.cpp */; };
		21F734FA1A7FC11700D3484C /* ofxUIMovingGraph.cpp in Sources */ = {isa = PBXBuildFile; fileRef = 21F7347D1A7FC11700D3484C /* ofxUIMovingGraph.cpp */; };
		21F734FB1A7FC11700D3484C /* ofxUIMultiImageButton.cpp in Sources */ = {isa = PBXBuildFile; fileRef = 21F7347F1A7FC11700D3484C /* ofxUIMultiImageButton.cpp */; };
		21F734FC1A7FC11700D3484C /* ofxUIMultiImageToggle.cpp in Sources */ = {isa = PBXBuildFile; fileRef = 21F734811A7FC11700D3484C /* ofxUIMultiImageToggle.cpp */; };
		21F734FD1A7FC11700D3484C /* ofxUINumberDialer.cpp in Sources */ = {isa = PBXBuildFile; fileRef = 21F734831A7FC11700D3484C /* ofxUINumberDialer.cpp */; };
		21F734FE1A7FC11700D3484C /* ofxUIRadio.cpp in Sources */ = {isa = PBXBuildFile; fileRef = 21F734861A7FC11700D3484C /* ofxUIRadio.cpp */; };
		21F734FF1A7FC11700D3484C /* ofxUIRangeSlider.cpp in Sources */ = {isa = PBXBuildFile; fileRef = 21F734881A7FC11700D3484C /* ofxUIRangeSlider.cpp */; };
		21F735001A7FC11700D3484C /* ofxUIRectangle.cpp in Sources */ = {isa = PBXBuildFile; fileRef = 21F7348A1A7FC11700D3484C /* ofxUIRectangle.cpp */; };
		21F735011A7FC11700D3484C /* ofxUIRotarySlider.cpp in Sources */ = {isa = PBXBuildFile; fileRef = 21F7348C1A7FC11700D3484C /* ofxUIRotarySlider.cpp */; };
		21F735021A7FC11700D3484C /* ofxUIScrollableCanvas.cpp in Sources */ = {isa = PBXBuildFile; fileRef = 21F7348E1A7FC11700D3484C /* ofxUIScrollableCanvas.cpp */; };
		21F735031A7FC11700D3484C /* ofxUISlider.cpp in Sources */ = {isa = PBXBuildFile; fileRef = 21F734901A7FC11700D3484C /* ofxUISlider.cpp */; };
		21F735041A7FC11700D3484C /* ofxUISortableList.cpp in Sources */ = {isa = PBXBuildFile; fileRef = 21F734921A7FC11700D3484C /* ofxUISortableList.cpp */; };
		21F735051A7FC11700D3484C /* ofxUISpacer.cpp in Sources */ = {isa = PBXBuildFile; fileRef = 21F734941A7FC11700D3484C /* ofxUISpacer.cpp */; };
		21F735061A7FC11700D3484C /* ofxUISpectrum.cpp in Sources */ = {isa = PBXBuildFile; fileRef = 21F734961A7FC11700D3484C /* ofxUISpectrum.cpp */; };
		21F735071A7FC11700D3484C /* ofxUISuperCanvas.cpp in Sources */ = {isa = PBXBuildFile; fileRef = 21F734981A7FC11700D3484C /* ofxUISuperCanvas.cpp */; };
		21F735081A7FC11700D3484C /* ofxUITabBar.cpp in Sources */ = {isa = PBXBuildFile; fileRef = 21F7349A1A7FC11700D3484C /* ofxUITabBar.cpp */; };
		21F735091A7FC11700D3484C /* ofxUITextArea.cpp in Sources */ = {isa = PBXBuildFile; fileRef = 21F7349C1A7FC11700D3484C /* ofxUITextArea.cpp */; };
		21F7350A1A7FC11700D3484C /* ofxUITextInput.cpp in Sources */ = {isa = PBXBuildFile; fileRef = 21F7349E1A7FC11700D3484C /* ofxUITextInput.cpp */; };
		21F7350B1A7FC11700D3484C /* ofxUIToggle.cpp in Sources */ = {isa = PBXBuildFile; fileRef = 21F734A01A7FC11700D3484C /* ofxUIToggle.cpp */; };
		21F7350C1A7FC11700D3484C /* ofxUIToggleMatrix.cpp in Sources */ = {isa = PBXBuildFile; fileRef = 21F734A21A7FC11700D3484C /* ofxUIToggleMatrix.cpp */; };
		21F7350D1A7FC11700D3484C /* ofxUIValuePlotter.cpp in Sources */ = {isa = PBXBuildFile; fileRef = 21F734A51A7FC11700D3484C /* ofxUIValuePlotter.cpp */; };
		21F7350E1A7FC11700D3484C /* ofxUIWaveform.cpp in Sources */ = {isa = PBXBuildFile; fileRef = 21F734A71A7FC11700D3484C /* ofxUIWaveform.cpp */; };
		21F7350F1A7FC11700D3484C /* ofxUIWidget.cpp in Sources */ = {isa = PBXBuildFile; fileRef = 21F734A91A7FC11700D3484C /* ofxUIWidget.cpp */; };
		21F735101A7FC11700D3484C /* ofxUIWidgetWithLabel.cpp in Sources */ = {isa = PBXBuildFile; fileRef = 21F734AC1A7FC11700D3484C /* ofxUIWidgetWithLabel.cpp */; };
		21F735501A7FC18100D3484C /* tinyxml.cpp in Sources */ = {isa = PBXBuildFile; fileRef = 21F735491A7FC18100D3484C /* tinyxml.cpp */; };
		21F735511A7FC18100D3484C /* tinyxmlerror.cpp in Sources */ = {isa = PBXBuildFile; fileRef = 21F7354B1A7FC18100D3484C /* tinyxmlerror.cpp */; };
		21F735521A7FC18100D3484C /* tinyxmlparser.cpp in Sources */ = {isa = PBXBuildFile; fileRef = 21F7354C1A7FC18100D3484C /* tinyxmlparser.cpp */; };
		21F735531A7FC18100D3484C /* ofxXmlSettings.cpp in Sources */ = {isa = PBXBuildFile; fileRef = 21F7354E1A7FC18100D3484C /* ofxXmlSettings.cpp */; };
		BBAB23CB13894F3D00AA2426 /* GLUT.framework in CopyFiles */ = {isa = PBXBuildFile; fileRef = BBAB23BE13894E4700AA2426 /* GLUT.framework */; };
		E4328149138ABC9F0047C5CB /* openFrameworksDebug.a in Frameworks */ = {isa = PBXBuildFile; fileRef = E4328148138ABC890047C5CB /* openFrameworksDebug.a */; };
		E45BE97B0E8CC7DD009D7055 /* AGL.framework in Frameworks */ = {isa = PBXBuildFile; fileRef = E45BE9710E8CC7DD009D7055 /* AGL.framework */; };
		E45BE97C0E8CC7DD009D7055 /* ApplicationServices.framework in Frameworks */ = {isa = PBXBuildFile; fileRef = E45BE9720E8CC7DD009D7055 /* ApplicationServices.framework */; };
		E45BE97D0E8CC7DD009D7055 /* AudioToolbox.framework in Frameworks */ = {isa = PBXBuildFile; fileRef = E45BE9730E8CC7DD009D7055 /* AudioToolbox.framework */; };
		E45BE97E0E8CC7DD009D7055 /* Carbon.framework in Frameworks */ = {isa = PBXBuildFile; fileRef = E45BE9740E8CC7DD009D7055 /* Carbon.framework */; };
		E45BE97F0E8CC7DD009D7055 /* CoreAudio.framework in Frameworks */ = {isa = PBXBuildFile; fileRef = E45BE9750E8CC7DD009D7055 /* CoreAudio.framework */; };
		E45BE9800E8CC7DD009D7055 /* CoreFoundation.framework in Frameworks */ = {isa = PBXBuildFile; fileRef = E45BE9760E8CC7DD009D7055 /* CoreFoundation.framework */; };
		E45BE9810E8CC7DD009D7055 /* CoreServices.framework in Frameworks */ = {isa = PBXBuildFile; fileRef = E45BE9770E8CC7DD009D7055 /* CoreServices.framework */; };
		E45BE9830E8CC7DD009D7055 /* OpenGL.framework in Frameworks */ = {isa = PBXBuildFile; fileRef = E45BE9790E8CC7DD009D7055 /* OpenGL.framework */; };
		E45BE9840E8CC7DD009D7055 /* QuickTime.framework in Frameworks */ = {isa = PBXBuildFile; fileRef = E45BE97A0E8CC7DD009D7055 /* QuickTime.framework */; };
		E4B69E200A3A1BDC003C02F2 /* main.cpp in Sources */ = {isa = PBXBuildFile; fileRef = E4B69E1D0A3A1BDC003C02F2 /* main.cpp */; };
		E4B69E210A3A1BDC003C02F2 /* ofApp.cpp in Sources */ = {isa = PBXBuildFile; fileRef = E4B69E1E0A3A1BDC003C02F2 /* ofApp.cpp */; };
		E4C2424710CC5A17004149E2 /* AppKit.framework in Frameworks */ = {isa = PBXBuildFile; fileRef = E4C2424410CC5A17004149E2 /* AppKit.framework */; };
		E4C2424810CC5A17004149E2 /* Cocoa.framework in Frameworks */ = {isa = PBXBuildFile; fileRef = E4C2424510CC5A17004149E2 /* Cocoa.framework */; };
		E4C2424910CC5A17004149E2 /* IOKit.framework in Frameworks */ = {isa = PBXBuildFile; fileRef = E4C2424610CC5A17004149E2 /* IOKit.framework */; };
		E4EB6799138ADC1D00A09F29 /* GLUT.framework in Frameworks */ = {isa = PBXBuildFile; fileRef = BBAB23BE13894E4700AA2426 /* GLUT.framework */; };
		E7E077E515D3B63C0020DFD4 /* CoreVideo.framework in Frameworks */ = {isa = PBXBuildFile; fileRef = E7E077E415D3B63C0020DFD4 /* CoreVideo.framework */; };
		E7E077E815D3B6510020DFD4 /* QTKit.framework in Frameworks */ = {isa = PBXBuildFile; fileRef = E7E077E715D3B6510020DFD4 /* QTKit.framework */; };
		E7F985F815E0DEA3003869B5 /* Accelerate.framework in Frameworks */ = {isa = PBXBuildFile; fileRef = E7F985F515E0DE99003869B5 /* Accelerate.framework */; };
/* End PBXBuildFile section */

/* Begin PBXContainerItemProxy section */
		E4328147138ABC890047C5CB /* PBXContainerItemProxy */ = {
			isa = PBXContainerItemProxy;
			containerPortal = E4328143138ABC890047C5CB /* openFrameworksLib.xcodeproj */;
			proxyType = 2;
			remoteGlobalIDString = E4B27C1510CBEB8E00536013;
			remoteInfo = openFrameworks;
		};
		E4EEB9AB138B136A00A80321 /* PBXContainerItemProxy */ = {
			isa = PBXContainerItemProxy;
			containerPortal = E4328143138ABC890047C5CB /* openFrameworksLib.xcodeproj */;
			proxyType = 1;
			remoteGlobalIDString = E4B27C1410CBEB8E00536013;
			remoteInfo = openFrameworks;
		};
/* End PBXContainerItemProxy section */

/* Begin PBXCopyFilesBuildPhase section */
		E4C2427710CC5ABF004149E2 /* CopyFiles */ = {
			isa = PBXCopyFilesBuildPhase;
			buildActionMask = 2147483647;
			dstPath = "";
			dstSubfolderSpec = 10;
			files = (
				BBAB23CB13894F3D00AA2426 /* GLUT.framework in CopyFiles */,
			);
			runOnlyForDeploymentPostprocessing = 0;
		};
/* End PBXCopyFilesBuildPhase section */

/* Begin PBXFileReference section */
		21F732481A7FBF0800D3484C /* .gitignore */ = {isa = PBXFileReference; fileEncoding = 4; lastKnownFileType = text; path = .gitignore; sourceTree = "<group>"; };
		21F7324A1A7FBF0800D3484C /* ofxGVF.cpp */ = {isa = PBXFileReference; fileEncoding = 4; lastKnownFileType = sourcecode.cpp.cpp; path = ofxGVF.cpp; sourceTree = "<group>"; };
		21F7324B1A7FBF0800D3484C /* ofxGVF.h */ = {isa = PBXFileReference; fileEncoding = 4; lastKnownFileType = sourcecode.c.h; path = ofxGVF.h; sourceTree = "<group>"; };
		21F7324C1A7FBF0800D3484C /* ofxGVFGesture.h */ = {isa = PBXFileReference; fileEncoding = 4; lastKnownFileType = sourcecode.c.h; path = ofxGVFGesture.h; sourceTree = "<group>"; };
		21F7324D1A7FBF0800D3484C /* ofxGVFTypes.h */ = {isa = PBXFileReference; fileEncoding = 4; lastKnownFileType = sourcecode.c.h; path = ofxGVFTypes.h; sourceTree = "<group>"; };
		21F734511A7FC11700D3484C /* ofxUI.h */ = {isa = PBXFileReference; fileEncoding = 4; lastKnownFileType = sourcecode.c.h; path = ofxUI.h; sourceTree = "<group>"; };
		21F734521A7FC11700D3484C /* ofxUI2DGraph.cpp */ = {isa = PBXFileReference; fileEncoding = 4; lastKnownFileType = sourcecode.cpp.cpp; path = ofxUI2DGraph.cpp; sourceTree = "<group>"; };
		21F734531A7FC11700D3484C /* ofxUI2DGraph.h */ = {isa = PBXFileReference; fileEncoding = 4; lastKnownFileType = sourcecode.c.h; path = ofxUI2DGraph.h; sourceTree = "<group>"; };
		21F734541A7FC11700D3484C /* ofxUI2DPad.cpp */ = {isa = PBXFileReference; fileEncoding = 4; lastKnownFileType = sourcecode.cpp.cpp; path = ofxUI2DPad.cpp; sourceTree = "<group>"; };
		21F734551A7FC11700D3484C /* ofxUI2DPad.h */ = {isa = PBXFileReference; fileEncoding = 4; lastKnownFileType = sourcecode.c.h; path = ofxUI2DPad.h; sourceTree = "<group>"; };
		21F734561A7FC11700D3484C /* ofxUIBaseDraws.cpp */ = {isa = PBXFileReference; fileEncoding = 4; lastKnownFileType = sourcecode.cpp.cpp; path = ofxUIBaseDraws.cpp; sourceTree = "<group>"; };
		21F734571A7FC11700D3484C /* ofxUIBaseDraws.h */ = {isa = PBXFileReference; fileEncoding = 4; lastKnownFileType = sourcecode.c.h; path = ofxUIBaseDraws.h; sourceTree = "<group>"; };
		21F734581A7FC11700D3484C /* ofxUIBiLabelSlider.cpp */ = {isa = PBXFileReference; fileEncoding = 4; lastKnownFileType = sourcecode.cpp.cpp; path = ofxUIBiLabelSlider.cpp; sourceTree = "<group>"; };
		21F734591A7FC11700D3484C /* ofxUIBiLabelSlider.h */ = {isa = PBXFileReference; fileEncoding = 4; lastKnownFileType = sourcecode.c.h; path = ofxUIBiLabelSlider.h; sourceTree = "<group>"; };
		21F7345A1A7FC11700D3484C /* ofxUIButton.cpp */ = {isa = PBXFileReference; fileEncoding = 4; lastKnownFileType = sourcecode.cpp.cpp; path = ofxUIButton.cpp; sourceTree = "<group>"; };
		21F7345B1A7FC11700D3484C /* ofxUIButton.h */ = {isa = PBXFileReference; fileEncoding = 4; lastKnownFileType = sourcecode.c.h; path = ofxUIButton.h; sourceTree = "<group>"; };
		21F7345C1A7FC11700D3484C /* ofxUICanvas.cpp */ = {isa = PBXFileReference; fileEncoding = 4; lastKnownFileType = sourcecode.cpp.cpp; path = ofxUICanvas.cpp; sourceTree = "<group>"; };
		21F7345D1A7FC11700D3484C /* ofxUICanvas.h */ = {isa = PBXFileReference; fileEncoding = 4; lastKnownFileType = sourcecode.c.h; path = ofxUICanvas.h; sourceTree = "<group>"; };
		21F7345E1A7FC11700D3484C /* ofxUICircleSlider.cpp */ = {isa = PBXFileReference; fileEncoding = 4; lastKnownFileType = sourcecode.cpp.cpp; path = ofxUICircleSlider.cpp; sourceTree = "<group>"; };
		21F7345F1A7FC11700D3484C /* ofxUICircleSlider.h */ = {isa = PBXFileReference; fileEncoding = 4; lastKnownFileType = sourcecode.c.h; path = ofxUICircleSlider.h; sourceTree = "<group>"; };
		21F734601A7FC11700D3484C /* ofxUIDefines.h */ = {isa = PBXFileReference; fileEncoding = 4; lastKnownFileType = sourcecode.c.h; path = ofxUIDefines.h; sourceTree = "<group>"; };
		21F734611A7FC11700D3484C /* ofxUIDragableLabelButton.cpp */ = {isa = PBXFileReference; fileEncoding = 4; lastKnownFileType = sourcecode.cpp.cpp; path = ofxUIDragableLabelButton.cpp; sourceTree = "<group>"; };
		21F734621A7FC11700D3484C /* ofxUIDragableLabelButton.h */ = {isa = PBXFileReference; fileEncoding = 4; lastKnownFileType = sourcecode.c.h; path = ofxUIDragableLabelButton.h; sourceTree = "<group>"; };
		21F734631A7FC11700D3484C /* ofxUIDropDownList.cpp */ = {isa = PBXFileReference; fileEncoding = 4; lastKnownFileType = sourcecode.cpp.cpp; path = ofxUIDropDownList.cpp; sourceTree = "<group>"; };
		21F734641A7FC11700D3484C /* ofxUIDropDownList.h */ = {isa = PBXFileReference; fileEncoding = 4; lastKnownFileType = sourcecode.c.h; path = ofxUIDropDownList.h; sourceTree = "<group>"; };
		21F734651A7FC11700D3484C /* ofxUIEventArgs.cpp */ = {isa = PBXFileReference; fileEncoding = 4; lastKnownFileType = sourcecode.cpp.cpp; path = ofxUIEventArgs.cpp; sourceTree = "<group>"; };
		21F734661A7FC11700D3484C /* ofxUIEventArgs.h */ = {isa = PBXFileReference; fileEncoding = 4; lastKnownFileType = sourcecode.c.h; path = ofxUIEventArgs.h; sourceTree = "<group>"; };
		21F734671A7FC11700D3484C /* ofxUIFPS.cpp */ = {isa = PBXFileReference; fileEncoding = 4; lastKnownFileType = sourcecode.cpp.cpp; path = ofxUIFPS.cpp; sourceTree = "<group>"; };
		21F734681A7FC11700D3484C /* ofxUIFPS.h */ = {isa = PBXFileReference; fileEncoding = 4; lastKnownFileType = sourcecode.c.h; path = ofxUIFPS.h; sourceTree = "<group>"; };
		21F734691A7FC11700D3484C /* ofxUIFPSSlider.cpp */ = {isa = PBXFileReference; fileEncoding = 4; lastKnownFileType = sourcecode.cpp.cpp; path = ofxUIFPSSlider.cpp; sourceTree = "<group>"; };
		21F7346A1A7FC11700D3484C /* ofxUIFPSSlider.h */ = {isa = PBXFileReference; fileEncoding = 4; lastKnownFileType = sourcecode.c.h; path = ofxUIFPSSlider.h; sourceTree = "<group>"; };
		21F7346B1A7FC11700D3484C /* ofxUIImage.cpp */ = {isa = PBXFileReference; fileEncoding = 4; lastKnownFileType = sourcecode.cpp.cpp; path = ofxUIImage.cpp; sourceTree = "<group>"; };
		21F7346C1A7FC11700D3484C /* ofxUIImage.h */ = {isa = PBXFileReference; fileEncoding = 4; lastKnownFileType = sourcecode.c.h; path = ofxUIImage.h; sourceTree = "<group>"; };
		21F7346D1A7FC11700D3484C /* ofxUIImageButton.cpp */ = {isa = PBXFileReference; fileEncoding = 4; lastKnownFileType = sourcecode.cpp.cpp; path = ofxUIImageButton.cpp; sourceTree = "<group>"; };
		21F7346E1A7FC11700D3484C /* ofxUIImageButton.h */ = {isa = PBXFileReference; fileEncoding = 4; lastKnownFileType = sourcecode.c.h; path = ofxUIImageButton.h; sourceTree = "<group>"; };
		21F7346F1A7FC11700D3484C /* ofxUIImageSampler.cpp */ = {isa = PBXFileReference; fileEncoding = 4; lastKnownFileType = sourcecode.cpp.cpp; path = ofxUIImageSampler.cpp; sourceTree = "<group>"; };
		21F734701A7FC11700D3484C /* ofxUIImageSampler.h */ = {isa = PBXFileReference; fileEncoding = 4; lastKnownFileType = sourcecode.c.h; path = ofxUIImageSampler.h; sourceTree = "<group>"; };
		21F734711A7FC11700D3484C /* ofxUIImageSlider.cpp */ = {isa = PBXFileReference; fileEncoding = 4; lastKnownFileType = sourcecode.cpp.cpp; path = ofxUIImageSlider.cpp; sourceTree = "<group>"; };
		21F734721A7FC11700D3484C /* ofxUIImageSlider.h */ = {isa = PBXFileReference; fileEncoding = 4; lastKnownFileType = sourcecode.c.h; path = ofxUIImageSlider.h; sourceTree = "<group>"; };
		21F734731A7FC11700D3484C /* ofxUIImageToggle.cpp */ = {isa = PBXFileReference; fileEncoding = 4; lastKnownFileType = sourcecode.cpp.cpp; path = ofxUIImageToggle.cpp; sourceTree = "<group>"; };
		21F734741A7FC11700D3484C /* ofxUIImageToggle.h */ = {isa = PBXFileReference; fileEncoding = 4; lastKnownFileType = sourcecode.c.h; path = ofxUIImageToggle.h; sourceTree = "<group>"; };
		21F734751A7FC11700D3484C /* ofxUILabel.cpp */ = {isa = PBXFileReference; fileEncoding = 4; lastKnownFileType = sourcecode.cpp.cpp; path = ofxUILabel.cpp; sourceTree = "<group>"; };
		21F734761A7FC11700D3484C /* ofxUILabel.h */ = {isa = PBXFileReference; fileEncoding = 4; lastKnownFileType = sourcecode.c.h; path = ofxUILabel.h; sourceTree = "<group>"; };
		21F734771A7FC11700D3484C /* ofxUILabelButton.cpp */ = {isa = PBXFileReference; fileEncoding = 4; lastKnownFileType = sourcecode.cpp.cpp; path = ofxUILabelButton.cpp; sourceTree = "<group>"; };
		21F734781A7FC11700D3484C /* ofxUILabelButton.h */ = {isa = PBXFileReference; fileEncoding = 4; lastKnownFileType = sourcecode.c.h; path = ofxUILabelButton.h; sourceTree = "<group>"; };
		21F734791A7FC11700D3484C /* ofxUILabelToggle.cpp */ = {isa = PBXFileReference; fileEncoding = 4; lastKnownFileType = sourcecode.cpp.cpp; path = ofxUILabelToggle.cpp; sourceTree = "<group>"; };
		21F7347A1A7FC11700D3484C /* ofxUILabelToggle.h */ = {isa = PBXFileReference; fileEncoding = 4; lastKnownFileType = sourcecode.c.h; path = ofxUILabelToggle.h; sourceTree = "<group>"; };
		21F7347B1A7FC11700D3484C /* ofxUIMinimalSlider.cpp */ = {isa = PBXFileReference; fileEncoding = 4; lastKnownFileType = sourcecode.cpp.cpp; path = ofxUIMinimalSlider.cpp; sourceTree = "<group>"; };
		21F7347C1A7FC11700D3484C /* ofxUIMinimalSlider.h */ = {isa = PBXFileReference; fileEncoding = 4; lastKnownFileType = sourcecode.c.h; path = ofxUIMinimalSlider.h; sourceTree = "<group>"; };
		21F7347D1A7FC11700D3484C /* ofxUIMovingGraph.cpp */ = {isa = PBXFileReference; fileEncoding = 4; lastKnownFileType = sourcecode.cpp.cpp; path = ofxUIMovingGraph.cpp; sourceTree = "<group>"; };
		21F7347E1A7FC11700D3484C /* ofxUIMovingGraph.h */ = {isa = PBXFileReference; fileEncoding = 4; lastKnownFileType = sourcecode.c.h; path = ofxUIMovingGraph.h; sourceTree = "<group>"; };
		21F7347F1A7FC11700D3484C /* ofxUIMultiImageButton.cpp */ = {isa = PBXFileReference; fileEncoding = 4; lastKnownFileType = sourcecode.cpp.cpp; path = ofxUIMultiImageButton.cpp; sourceTree = "<group>"; };
		21F734801A7FC11700D3484C /* ofxUIMultiImageButton.h */ = {isa = PBXFileReference; fileEncoding = 4; lastKnownFileType = sourcecode.c.h; path = ofxUIMultiImageButton.h; sourceTree = "<group>"; };
		21F734811A7FC11700D3484C /* ofxUIMultiImageToggle.cpp */ = {isa = PBXFileReference; fileEncoding = 4; lastKnownFileType = sourcecode.cpp.cpp; path = ofxUIMultiImageToggle.cpp; sourceTree = "<group>"; };
		21F734821A7FC11700D3484C /* ofxUIMultiImageToggle.h */ = {isa = PBXFileReference; fileEncoding = 4; lastKnownFileType = sourcecode.c.h; path = ofxUIMultiImageToggle.h; sourceTree = "<group>"; };
		21F734831A7FC11700D3484C /* ofxUINumberDialer.cpp */ = {isa = PBXFileReference; fileEncoding = 4; lastKnownFileType = sourcecode.cpp.cpp; path = ofxUINumberDialer.cpp; sourceTree = "<group>"; };
		21F734841A7FC11700D3484C /* ofxUINumberDialer.h */ = {isa = PBXFileReference; fileEncoding = 4; lastKnownFileType = sourcecode.c.h; path = ofxUINumberDialer.h; sourceTree = "<group>"; };
		21F734851A7FC11700D3484C /* ofxUIOFWrapper.h */ = {isa = PBXFileReference; fileEncoding = 4; lastKnownFileType = sourcecode.c.h; path = ofxUIOFWrapper.h; sourceTree = "<group>"; };
		21F734861A7FC11700D3484C /* ofxUIRadio.cpp */ = {isa = PBXFileReference; fileEncoding = 4; lastKnownFileType = sourcecode.cpp.cpp; path = ofxUIRadio.cpp; sourceTree = "<group>"; };
		21F734871A7FC11700D3484C /* ofxUIRadio.h */ = {isa = PBXFileReference; fileEncoding = 4; lastKnownFileType = sourcecode.c.h; path = ofxUIRadio.h; sourceTree = "<group>"; };
		21F734881A7FC11700D3484C /* ofxUIRangeSlider.cpp */ = {isa = PBXFileReference; fileEncoding = 4; lastKnownFileType = sourcecode.cpp.cpp; path = ofxUIRangeSlider.cpp; sourceTree = "<group>"; };
		21F734891A7FC11700D3484C /* ofxUIRangeSlider.h */ = {isa = PBXFileReference; fileEncoding = 4; lastKnownFileType = sourcecode.c.h; path = ofxUIRangeSlider.h; sourceTree = "<group>"; };
		21F7348A1A7FC11700D3484C /* ofxUIRectangle.cpp */ = {isa = PBXFileReference; fileEncoding = 4; lastKnownFileType = sourcecode.cpp.cpp; path = ofxUIRectangle.cpp; sourceTree = "<group>"; };
		21F7348B1A7FC11700D3484C /* ofxUIRectangle.h */ = {isa = PBXFileReference; fileEncoding = 4; lastKnownFileType = sourcecode.c.h; path = ofxUIRectangle.h; sourceTree = "<group>"; };
		21F7348C1A7FC11700D3484C /* ofxUIRotarySlider.cpp */ = {isa = PBXFileReference; fileEncoding = 4; lastKnownFileType = sourcecode.cpp.cpp; path = ofxUIRotarySlider.cpp; sourceTree = "<group>"; };
		21F7348D1A7FC11700D3484C /* ofxUIRotarySlider.h */ = {isa = PBXFileReference; fileEncoding = 4; lastKnownFileType = sourcecode.c.h; path = ofxUIRotarySlider.h; sourceTree = "<group>"; };
		21F7348E1A7FC11700D3484C /* ofxUIScrollableCanvas.cpp */ = {isa = PBXFileReference; fileEncoding = 4; lastKnownFileType = sourcecode.cpp.cpp; path = ofxUIScrollableCanvas.cpp; sourceTree = "<group>"; };
		21F7348F1A7FC11700D3484C /* ofxUIScrollableCanvas.h */ = {isa = PBXFileReference; fileEncoding = 4; lastKnownFileType = sourcecode.c.h; path = ofxUIScrollableCanvas.h; sourceTree = "<group>"; };
		21F734901A7FC11700D3484C /* ofxUISlider.cpp */ = {isa = PBXFileReference; fileEncoding = 4; lastKnownFileType = sourcecode.cpp.cpp; path = ofxUISlider.cpp; sourceTree = "<group>"; };
		21F734911A7FC11700D3484C /* ofxUISlider.h */ = {isa = PBXFileReference; fileEncoding = 4; lastKnownFileType = sourcecode.c.h; path = ofxUISlider.h; sourceTree = "<group>"; };
		21F734921A7FC11700D3484C /* ofxUISortableList.cpp */ = {isa = PBXFileReference; fileEncoding = 4; lastKnownFileType = sourcecode.cpp.cpp; path = ofxUISortableList.cpp; sourceTree = "<group>"; };
		21F734931A7FC11700D3484C /* ofxUISortableList.h */ = {isa = PBXFileReference; fileEncoding = 4; lastKnownFileType = sourcecode.c.h; path = ofxUISortableList.h; sourceTree = "<group>"; };
		21F734941A7FC11700D3484C /* ofxUISpacer.cpp */ = {isa = PBXFileReference; fileEncoding = 4; lastKnownFileType = sourcecode.cpp.cpp; path = ofxUISpacer.cpp; sourceTree = "<group>"; };
		21F734951A7FC11700D3484C /* ofxUISpacer.h */ = {isa = PBXFileReference; fileEncoding = 4; lastKnownFileType = sourcecode.c.h; path = ofxUISpacer.h; sourceTree = "<group>"; };
		21F734961A7FC11700D3484C /* ofxUISpectrum.cpp */ = {isa = PBXFileReference; fileEncoding = 4; lastKnownFileType = sourcecode.cpp.cpp; path = ofxUISpectrum.cpp; sourceTree = "<group>"; };
		21F734971A7FC11700D3484C /* ofxUISpectrum.h */ = {isa = PBXFileReference; fileEncoding = 4; lastKnownFileType = sourcecode.c.h; path = ofxUISpectrum.h; sourceTree = "<group>"; };
		21F734981A7FC11700D3484C /* ofxUISuperCanvas.cpp */ = {isa = PBXFileReference; fileEncoding = 4; lastKnownFileType = sourcecode.cpp.cpp; path = ofxUISuperCanvas.cpp; sourceTree = "<group>"; };
		21F734991A7FC11700D3484C /* ofxUISuperCanvas.h */ = {isa = PBXFileReference; fileEncoding = 4; lastKnownFileType = sourcecode.c.h; path = ofxUISuperCanvas.h; sourceTree = "<group>"; };
		21F7349A1A7FC11700D3484C /* ofxUITabBar.cpp */ = {isa = PBXFileReference; fileEncoding = 4; lastKnownFileType = sourcecode.cpp.cpp; path = ofxUITabBar.cpp; sourceTree = "<group>"; };
		21F7349B1A7FC11700D3484C /* ofxUITabBar.h */ = {isa = PBXFileReference; fileEncoding = 4; lastKnownFileType = sourcecode.c.h; path = ofxUITabBar.h; sourceTree = "<group>"; };
		21F7349C1A7FC11700D3484C /* ofxUITextArea.cpp */ = {isa = PBXFileReference; fileEncoding = 4; lastKnownFileType = sourcecode.cpp.cpp; path = ofxUITextArea.cpp; sourceTree = "<group>"; };
		21F7349D1A7FC11700D3484C /* ofxUITextArea.h */ = {isa = PBXFileReference; fileEncoding = 4; lastKnownFileType = sourcecode.c.h; path = ofxUITextArea.h; sourceTree = "<group>"; };
		21F7349E1A7FC11700D3484C /* ofxUITextInput.cpp */ = {isa = PBXFileReference; fileEncoding = 4; lastKnownFileType = sourcecode.cpp.cpp; path = ofxUITextInput.cpp; sourceTree = "<group>"; };
		21F7349F1A7FC11700D3484C /* ofxUITextInput.h */ = {isa = PBXFileReference; fileEncoding = 4; lastKnownFileType = sourcecode.c.h; path = ofxUITextInput.h; sourceTree = "<group>"; };
		21F734A01A7FC11700D3484C /* ofxUIToggle.cpp */ = {isa = PBXFileReference; fileEncoding = 4; lastKnownFileType = sourcecode.cpp.cpp; path = ofxUIToggle.cpp; sourceTree = "<group>"; };
		21F734A11A7FC11700D3484C /* ofxUIToggle.h */ = {isa = PBXFileReference; fileEncoding = 4; lastKnownFileType = sourcecode.c.h; path = ofxUIToggle.h; sourceTree = "<group>"; };
		21F734A21A7FC11700D3484C /* ofxUIToggleMatrix.cpp */ = {isa = PBXFileReference; fileEncoding = 4; lastKnownFileType = sourcecode.cpp.cpp; path = ofxUIToggleMatrix.cpp; sourceTree = "<group>"; };
		21F734A31A7FC11700D3484C /* ofxUIToggleMatrix.h */ = {isa = PBXFileReference; fileEncoding = 4; lastKnownFileType = sourcecode.c.h; path = ofxUIToggleMatrix.h; sourceTree = "<group>"; };
		21F734A41A7FC11700D3484C /* ofxUIUtils.h */ = {isa = PBXFileReference; fileEncoding = 4; lastKnownFileType = sourcecode.c.h; path = ofxUIUtils.h; sourceTree = "<group>"; };
		21F734A51A7FC11700D3484C /* ofxUIValuePlotter.cpp */ = {isa = PBXFileReference; fileEncoding = 4; lastKnownFileType = sourcecode.cpp.cpp; path = ofxUIValuePlotter.cpp; sourceTree = "<group>"; };
		21F734A61A7FC11700D3484C /* ofxUIValuePlotter.h */ = {isa = PBXFileReference; fileEncoding = 4; lastKnownFileType = sourcecode.c.h; path = ofxUIValuePlotter.h; sourceTree = "<group>"; };
		21F734A71A7FC11700D3484C /* ofxUIWaveform.cpp */ = {isa = PBXFileReference; fileEncoding = 4; lastKnownFileType = sourcecode.cpp.cpp; path = ofxUIWaveform.cpp; sourceTree = "<group>"; };
		21F734A81A7FC11700D3484C /* ofxUIWaveform.h */ = {isa = PBXFileReference; fileEncoding = 4; lastKnownFileType = sourcecode.c.h; path = ofxUIWaveform.h; sourceTree = "<group>"; };
		21F734A91A7FC11700D3484C /* ofxUIWidget.cpp */ = {isa = PBXFileReference; fileEncoding = 4; lastKnownFileType = sourcecode.cpp.cpp; path = ofxUIWidget.cpp; sourceTree = "<group>"; };
		21F734AA1A7FC11700D3484C /* ofxUIWidget.h */ = {isa = PBXFileReference; fileEncoding = 4; lastKnownFileType = sourcecode.c.h; path = ofxUIWidget.h; sourceTree = "<group>"; };
		21F734AB1A7FC11700D3484C /* ofxUIWidgets.h */ = {isa = PBXFileReference; fileEncoding = 4; lastKnownFileType = sourcecode.c.h; path = ofxUIWidgets.h; sourceTree = "<group>"; };
		21F734AC1A7FC11700D3484C /* ofxUIWidgetWithLabel.cpp */ = {isa = PBXFileReference; fileEncoding = 4; lastKnownFileType = sourcecode.cpp.cpp; path = ofxUIWidgetWithLabel.cpp; sourceTree = "<group>"; };
		21F734AD1A7FC11700D3484C /* ofxUIWidgetWithLabel.h */ = {isa = PBXFileReference; fileEncoding = 4; lastKnownFileType = sourcecode.c.h; path = ofxUIWidgetWithLabel.h; sourceTree = "<group>"; };
		21F734AE1A7FC11700D3484C /* ofxUIWrapper.h */ = {isa = PBXFileReference; fileEncoding = 4; lastKnownFileType = sourcecode.c.h; path = ofxUIWrapper.h; sourceTree = "<group>"; };
		21F735491A7FC18100D3484C /* tinyxml.cpp */ = {isa = PBXFileReference; fileEncoding = 4; lastKnownFileType = sourcecode.cpp.cpp; path = tinyxml.cpp; sourceTree = "<group>"; };
		21F7354A1A7FC18100D3484C /* tinyxml.h */ = {isa = PBXFileReference; fileEncoding = 4; lastKnownFileType = sourcecode.c.h; path = tinyxml.h; sourceTree = "<group>"; };
		21F7354B1A7FC18100D3484C /* tinyxmlerror.cpp */ = {isa = PBXFileReference; fileEncoding = 4; lastKnownFileType = sourcecode.cpp.cpp; path = tinyxmlerror.cpp; sourceTree = "<group>"; };
		21F7354C1A7FC18100D3484C /* tinyxmlparser.cpp */ = {isa = PBXFileReference; fileEncoding = 4; lastKnownFileType = sourcecode.cpp.cpp; path = tinyxmlparser.cpp; sourceTree = "<group>"; };
		21F7354E1A7FC18100D3484C /* ofxXmlSettings.cpp */ = {isa = PBXFileReference; fileEncoding = 4; lastKnownFileType = sourcecode.cpp.cpp; path = ofxXmlSettings.cpp; sourceTree = "<group>"; };
		21F7354F1A7FC18100D3484C /* ofxXmlSettings.h */ = {isa = PBXFileReference; fileEncoding = 4; lastKnownFileType = sourcecode.c.h; path = ofxXmlSettings.h; sourceTree = "<group>"; };
		BBAB23BE13894E4700AA2426 /* GLUT.framework */ = {isa = PBXFileReference; lastKnownFileType = wrapper.framework; name = GLUT.framework; path = ../../../libs/glut/lib/osx/GLUT.framework; sourceTree = "<group>"; };
		E4328143138ABC890047C5CB /* openFrameworksLib.xcodeproj */ = {isa = PBXFileReference; lastKnownFileType = "wrapper.pb-project"; name = openFrameworksLib.xcodeproj; path = ../../../libs/openFrameworksCompiled/project/osx/openFrameworksLib.xcodeproj; sourceTree = SOURCE_ROOT; };
		E45BE9710E8CC7DD009D7055 /* AGL.framework */ = {isa = PBXFileReference; lastKnownFileType = wrapper.framework; name = AGL.framework; path = /System/Library/Frameworks/AGL.framework; sourceTree = "<absolute>"; };
		E45BE9720E8CC7DD009D7055 /* ApplicationServices.framework */ = {isa = PBXFileReference; lastKnownFileType = wrapper.framework; name = ApplicationServices.framework; path = /System/Library/Frameworks/ApplicationServices.framework; sourceTree = "<absolute>"; };
		E45BE9730E8CC7DD009D7055 /* AudioToolbox.framework */ = {isa = PBXFileReference; lastKnownFileType = wrapper.framework; name = AudioToolbox.framework; path = /System/Library/Frameworks/AudioToolbox.framework; sourceTree = "<absolute>"; };
		E45BE9740E8CC7DD009D7055 /* Carbon.framework */ = {isa = PBXFileReference; lastKnownFileType = wrapper.framework; name = Carbon.framework; path = /System/Library/Frameworks/Carbon.framework; sourceTree = "<absolute>"; };
		E45BE9750E8CC7DD009D7055 /* CoreAudio.framework */ = {isa = PBXFileReference; lastKnownFileType = wrapper.framework; name = CoreAudio.framework; path = /System/Library/Frameworks/CoreAudio.framework; sourceTree = "<absolute>"; };
		E45BE9760E8CC7DD009D7055 /* CoreFoundation.framework */ = {isa = PBXFileReference; lastKnownFileType = wrapper.framework; name = CoreFoundation.framework; path = /System/Library/Frameworks/CoreFoundation.framework; sourceTree = "<absolute>"; };
		E45BE9770E8CC7DD009D7055 /* CoreServices.framework */ = {isa = PBXFileReference; lastKnownFileType = wrapper.framework; name = CoreServices.framework; path = /System/Library/Frameworks/CoreServices.framework; sourceTree = "<absolute>"; };
		E45BE9790E8CC7DD009D7055 /* OpenGL.framework */ = {isa = PBXFileReference; lastKnownFileType = wrapper.framework; name = OpenGL.framework; path = /System/Library/Frameworks/OpenGL.framework; sourceTree = "<absolute>"; };
		E45BE97A0E8CC7DD009D7055 /* QuickTime.framework */ = {isa = PBXFileReference; lastKnownFileType = wrapper.framework; name = QuickTime.framework; path = /System/Library/Frameworks/QuickTime.framework; sourceTree = "<absolute>"; };
		E4B69B5B0A3A1756003C02F2 /* ofxGVF-ExampleDebug.app */ = {isa = PBXFileReference; explicitFileType = wrapper.application; includeInIndex = 0; path = "ofxGVF-ExampleDebug.app"; sourceTree = BUILT_PRODUCTS_DIR; };
		E4B69E1D0A3A1BDC003C02F2 /* main.cpp */ = {isa = PBXFileReference; fileEncoding = 30; lastKnownFileType = sourcecode.cpp.cpp; name = main.cpp; path = src/main.cpp; sourceTree = SOURCE_ROOT; };
		E4B69E1E0A3A1BDC003C02F2 /* ofApp.cpp */ = {isa = PBXFileReference; explicitFileType = sourcecode.cpp.cpp; fileEncoding = 30; name = ofApp.cpp; path = src/ofApp.cpp; sourceTree = SOURCE_ROOT; };
		E4B69E1F0A3A1BDC003C02F2 /* ofApp.h */ = {isa = PBXFileReference; fileEncoding = 30; lastKnownFileType = sourcecode.c.h; name = ofApp.h; path = src/ofApp.h; sourceTree = SOURCE_ROOT; };
		E4B6FCAD0C3E899E008CF71C /* openFrameworks-Info.plist */ = {isa = PBXFileReference; fileEncoding = 30; lastKnownFileType = text.plist.xml; path = "openFrameworks-Info.plist"; sourceTree = "<group>"; };
		E4C2424410CC5A17004149E2 /* AppKit.framework */ = {isa = PBXFileReference; lastKnownFileType = wrapper.framework; name = AppKit.framework; path = /System/Library/Frameworks/AppKit.framework; sourceTree = "<absolute>"; };
		E4C2424510CC5A17004149E2 /* Cocoa.framework */ = {isa = PBXFileReference; lastKnownFileType = wrapper.framework; name = Cocoa.framework; path = /System/Library/Frameworks/Cocoa.framework; sourceTree = "<absolute>"; };
		E4C2424610CC5A17004149E2 /* IOKit.framework */ = {isa = PBXFileReference; lastKnownFileType = wrapper.framework; name = IOKit.framework; path = /System/Library/Frameworks/IOKit.framework; sourceTree = "<absolute>"; };
		E4EB691F138AFCF100A09F29 /* CoreOF.xcconfig */ = {isa = PBXFileReference; fileEncoding = 4; lastKnownFileType = text.xcconfig; name = CoreOF.xcconfig; path = ../../../libs/openFrameworksCompiled/project/osx/CoreOF.xcconfig; sourceTree = SOURCE_ROOT; };
		E4EB6923138AFD0F00A09F29 /* Project.xcconfig */ = {isa = PBXFileReference; fileEncoding = 4; lastKnownFileType = text.xcconfig; path = Project.xcconfig; sourceTree = "<group>"; };
		E7E077E415D3B63C0020DFD4 /* CoreVideo.framework */ = {isa = PBXFileReference; lastKnownFileType = wrapper.framework; name = CoreVideo.framework; path = /System/Library/Frameworks/CoreVideo.framework; sourceTree = "<absolute>"; };
		E7E077E715D3B6510020DFD4 /* QTKit.framework */ = {isa = PBXFileReference; lastKnownFileType = wrapper.framework; name = QTKit.framework; path = /System/Library/Frameworks/QTKit.framework; sourceTree = "<absolute>"; };
		E7F985F515E0DE99003869B5 /* Accelerate.framework */ = {isa = PBXFileReference; lastKnownFileType = wrapper.framework; name = Accelerate.framework; path = /System/Library/Frameworks/Accelerate.framework; sourceTree = "<absolute>"; };
/* End PBXFileReference section */

/* Begin PBXFrameworksBuildPhase section */
		E4B69B590A3A1756003C02F2 /* Frameworks */ = {
			isa = PBXFrameworksBuildPhase;
			buildActionMask = 2147483647;
			files = (
				E7F985F815E0DEA3003869B5 /* Accelerate.framework in Frameworks */,
				E7E077E815D3B6510020DFD4 /* QTKit.framework in Frameworks */,
				E4EB6799138ADC1D00A09F29 /* GLUT.framework in Frameworks */,
				E4328149138ABC9F0047C5CB /* openFrameworksDebug.a in Frameworks */,
				E45BE97B0E8CC7DD009D7055 /* AGL.framework in Frameworks */,
				E45BE97C0E8CC7DD009D7055 /* ApplicationServices.framework in Frameworks */,
				E45BE97D0E8CC7DD009D7055 /* AudioToolbox.framework in Frameworks */,
				E45BE97E0E8CC7DD009D7055 /* Carbon.framework in Frameworks */,
				E45BE97F0E8CC7DD009D7055 /* CoreAudio.framework in Frameworks */,
				E45BE9800E8CC7DD009D7055 /* CoreFoundation.framework in Frameworks */,
				E45BE9810E8CC7DD009D7055 /* CoreServices.framework in Frameworks */,
				E45BE9830E8CC7DD009D7055 /* OpenGL.framework in Frameworks */,
				E45BE9840E8CC7DD009D7055 /* QuickTime.framework in Frameworks */,
				E4C2424710CC5A17004149E2 /* AppKit.framework in Frameworks */,
				E4C2424810CC5A17004149E2 /* Cocoa.framework in Frameworks */,
				E4C2424910CC5A17004149E2 /* IOKit.framework in Frameworks */,
				E7E077E515D3B63C0020DFD4 /* CoreVideo.framework in Frameworks */,
			);
			runOnlyForDeploymentPostprocessing = 0;
		};
/* End PBXFrameworksBuildPhase section */

/* Begin PBXGroup section */
		21F732471A7FBF0800D3484C /* ofxGVF */ = {
			isa = PBXGroup;
			children = (
				21F732481A7FBF0800D3484C /* .gitignore */,
				21F732491A7FBF0800D3484C /* src */,
			);
			name = ofxGVF;
			path = ../../../addons/ofxGVF;
			sourceTree = "<group>";
		};
		21F732491A7FBF0800D3484C /* src */ = {
			isa = PBXGroup;
			children = (
				21F7324A1A7FBF0800D3484C /* ofxGVF.cpp */,
				21F7324B1A7FBF0800D3484C /* ofxGVF.h */,
				21F7324C1A7FBF0800D3484C /* ofxGVFGesture.h */,
				21F7324D1A7FBF0800D3484C /* ofxGVFTypes.h */,
			);
			path = src;
			sourceTree = "<group>";
		};
		21F732501A7FC11400D3484C /* ofxUI */ = {
			isa = PBXGroup;
			children = (
				21F734501A7FC11700D3484C /* src */,
			);
			name = ofxUI;
			path = ../../../addons/ofxUI;
			sourceTree = "<group>";
		};
		21F734501A7FC11700D3484C /* src */ = {
			isa = PBXGroup;
			children = (
				21F734511A7FC11700D3484C /* ofxUI.h */,
				21F734521A7FC11700D3484C /* ofxUI2DGraph.cpp */,
				21F734531A7FC11700D3484C /* ofxUI2DGraph.h */,
				21F734541A7FC11700D3484C /* ofxUI2DPad.cpp */,
				21F734551A7FC11700D3484C /* ofxUI2DPad.h */,
				21F734561A7FC11700D3484C /* ofxUIBaseDraws.cpp */,
				21F734571A7FC11700D3484C /* ofxUIBaseDraws.h */,
				21F734581A7FC11700D3484C /* ofxUIBiLabelSlider.cpp */,
				21F734591A7FC11700D3484C /* ofxUIBiLabelSlider.h */,
				21F7345A1A7FC11700D3484C /* ofxUIButton.cpp */,
				21F7345B1A7FC11700D3484C /* ofxUIButton.h */,
				21F7345C1A7FC11700D3484C /* ofxUICanvas.cpp */,
				21F7345D1A7FC11700D3484C /* ofxUICanvas.h */,
				21F7345E1A7FC11700D3484C /* ofxUICircleSlider.cpp */,
				21F7345F1A7FC11700D3484C /* ofxUICircleSlider.h */,
				21F734601A7FC11700D3484C /* ofxUIDefines.h */,
				21F734611A7FC11700D3484C /* ofxUIDragableLabelButton.cpp */,
				21F734621A7FC11700D3484C /* ofxUIDragableLabelButton.h */,
				21F734631A7FC11700D3484C /* ofxUIDropDownList.cpp */,
				21F734641A7FC11700D3484C /* ofxUIDropDownList.h */,
				21F734651A7FC11700D3484C /* ofxUIEventArgs.cpp */,
				21F734661A7FC11700D3484C /* ofxUIEventArgs.h */,
				21F734671A7FC11700D3484C /* ofxUIFPS.cpp */,
				21F734681A7FC11700D3484C /* ofxUIFPS.h */,
				21F734691A7FC11700D3484C /* ofxUIFPSSlider.cpp */,
				21F7346A1A7FC11700D3484C /* ofxUIFPSSlider.h */,
				21F7346B1A7FC11700D3484C /* ofxUIImage.cpp */,
				21F7346C1A7FC11700D3484C /* ofxUIImage.h */,
				21F7346D1A7FC11700D3484C /* ofxUIImageButton.cpp */,
				21F7346E1A7FC11700D3484C /* ofxUIImageButton.h */,
				21F7346F1A7FC11700D3484C /* ofxUIImageSampler.cpp */,
				21F734701A7FC11700D3484C /* ofxUIImageSampler.h */,
				21F734711A7FC11700D3484C /* ofxUIImageSlider.cpp */,
				21F734721A7FC11700D3484C /* ofxUIImageSlider.h */,
				21F734731A7FC11700D3484C /* ofxUIImageToggle.cpp */,
				21F734741A7FC11700D3484C /* ofxUIImageToggle.h */,
				21F734751A7FC11700D3484C /* ofxUILabel.cpp */,
				21F734761A7FC11700D3484C /* ofxUILabel.h */,
				21F734771A7FC11700D3484C /* ofxUILabelButton.cpp */,
				21F734781A7FC11700D3484C /* ofxUILabelButton.h */,
				21F734791A7FC11700D3484C /* ofxUILabelToggle.cpp */,
				21F7347A1A7FC11700D3484C /* ofxUILabelToggle.h */,
				21F7347B1A7FC11700D3484C /* ofxUIMinimalSlider.cpp */,
				21F7347C1A7FC11700D3484C /* ofxUIMinimalSlider.h */,
				21F7347D1A7FC11700D3484C /* ofxUIMovingGraph.cpp */,
				21F7347E1A7FC11700D3484C /* ofxUIMovingGraph.h */,
				21F7347F1A7FC11700D3484C /* ofxUIMultiImageButton.cpp */,
				21F734801A7FC11700D3484C /* ofxUIMultiImageButton.h */,
				21F734811A7FC11700D3484C /* ofxUIMultiImageToggle.cpp */,
				21F734821A7FC11700D3484C /* ofxUIMultiImageToggle.h */,
				21F734831A7FC11700D3484C /* ofxUINumberDialer.cpp */,
				21F734841A7FC11700D3484C /* ofxUINumberDialer.h */,
				21F734851A7FC11700D3484C /* ofxUIOFWrapper.h */,
				21F734861A7FC11700D3484C /* ofxUIRadio.cpp */,
				21F734871A7FC11700D3484C /* ofxUIRadio.h */,
				21F734881A7FC11700D3484C /* ofxUIRangeSlider.cpp */,
				21F734891A7FC11700D3484C /* ofxUIRangeSlider.h */,
				21F7348A1A7FC11700D3484C /* ofxUIRectangle.cpp */,
				21F7348B1A7FC11700D3484C /* ofxUIRectangle.h */,
				21F7348C1A7FC11700D3484C /* ofxUIRotarySlider.cpp */,
				21F7348D1A7FC11700D3484C /* ofxUIRotarySlider.h */,
				21F7348E1A7FC11700D3484C /* ofxUIScrollableCanvas.cpp */,
				21F7348F1A7FC11700D3484C /* ofxUIScrollableCanvas.h */,
				21F734901A7FC11700D3484C /* ofxUISlider.cpp */,
				21F734911A7FC11700D3484C /* ofxUISlider.h */,
				21F734921A7FC11700D3484C /* ofxUISortableList.cpp */,
				21F734931A7FC11700D3484C /* ofxUISortableList.h */,
				21F734941A7FC11700D3484C /* ofxUISpacer.cpp */,
				21F734951A7FC11700D3484C /* ofxUISpacer.h */,
				21F734961A7FC11700D3484C /* ofxUISpectrum.cpp */,
				21F734971A7FC11700D3484C /* ofxUISpectrum.h */,
				21F734981A7FC11700D3484C /* ofxUISuperCanvas.cpp */,
				21F734991A7FC11700D3484C /* ofxUISuperCanvas.h */,
				21F7349A1A7FC11700D3484C /* ofxUITabBar.cpp */,
				21F7349B1A7FC11700D3484C /* ofxUITabBar.h */,
				21F7349C1A7FC11700D3484C /* ofxUITextArea.cpp */,
				21F7349D1A7FC11700D3484C /* ofxUITextArea.h */,
				21F7349E1A7FC11700D3484C /* ofxUITextInput.cpp */,
				21F7349F1A7FC11700D3484C /* ofxUITextInput.h */,
				21F734A01A7FC11700D3484C /* ofxUIToggle.cpp */,
				21F734A11A7FC11700D3484C /* ofxUIToggle.h */,
				21F734A21A7FC11700D3484C /* ofxUIToggleMatrix.cpp */,
				21F734A31A7FC11700D3484C /* ofxUIToggleMatrix.h */,
				21F734A41A7FC11700D3484C /* ofxUIUtils.h */,
				21F734A51A7FC11700D3484C /* ofxUIValuePlotter.cpp */,
				21F734A61A7FC11700D3484C /* ofxUIValuePlotter.h */,
				21F734A71A7FC11700D3484C /* ofxUIWaveform.cpp */,
				21F734A81A7FC11700D3484C /* ofxUIWaveform.h */,
				21F734A91A7FC11700D3484C /* ofxUIWidget.cpp */,
				21F734AA1A7FC11700D3484C /* ofxUIWidget.h */,
				21F734AB1A7FC11700D3484C /* ofxUIWidgets.h */,
				21F734AC1A7FC11700D3484C /* ofxUIWidgetWithLabel.cpp */,
				21F734AD1A7FC11700D3484C /* ofxUIWidgetWithLabel.h */,
				21F734AE1A7FC11700D3484C /* ofxUIWrapper.h */,
			);
			path = src;
			sourceTree = "<group>";
		};
		21F735471A7FC18100D3484C /* ofxXmlSettings */ = {
			isa = PBXGroup;
			children = (
				21F735481A7FC18100D3484C /* libs */,
				21F7354D1A7FC18100D3484C /* src */,
			);
			name = ofxXmlSettings;
			path = ../../../addons/ofxXmlSettings;
			sourceTree = "<group>";
		};
		21F735481A7FC18100D3484C /* libs */ = {
			isa = PBXGroup;
			children = (
				21F735491A7FC18100D3484C /* tinyxml.cpp */,
				21F7354A1A7FC18100D3484C /* tinyxml.h */,
				21F7354B1A7FC18100D3484C /* tinyxmlerror.cpp */,
				21F7354C1A7FC18100D3484C /* tinyxmlparser.cpp */,
			);
			path = libs;
			sourceTree = "<group>";
		};
		21F7354D1A7FC18100D3484C /* src */ = {
			isa = PBXGroup;
			children = (
				21F7354E1A7FC18100D3484C /* ofxXmlSettings.cpp */,
				21F7354F1A7FC18100D3484C /* ofxXmlSettings.h */,
			);
			path = src;
			sourceTree = "<group>";
		};
		BB4B014C10F69532006C3DED /* addons */ = {
			isa = PBXGroup;
			children = (
				21F735471A7FC18100D3484C /* ofxXmlSettings */,
				21F732501A7FC11400D3484C /* ofxUI */,
				21F732471A7FBF0800D3484C /* ofxGVF */,
			);
			name = addons;
			sourceTree = "<group>";
		};
		BBAB23C913894ECA00AA2426 /* system frameworks */ = {
			isa = PBXGroup;
			children = (
				E7F985F515E0DE99003869B5 /* Accelerate.framework */,
				E4C2424410CC5A17004149E2 /* AppKit.framework */,
				E4C2424510CC5A17004149E2 /* Cocoa.framework */,
				E4C2424610CC5A17004149E2 /* IOKit.framework */,
				E45BE9710E8CC7DD009D7055 /* AGL.framework */,
				E45BE9720E8CC7DD009D7055 /* ApplicationServices.framework */,
				E45BE9730E8CC7DD009D7055 /* AudioToolbox.framework */,
				E45BE9740E8CC7DD009D7055 /* Carbon.framework */,
				E45BE9750E8CC7DD009D7055 /* CoreAudio.framework */,
				E45BE9760E8CC7DD009D7055 /* CoreFoundation.framework */,
				E45BE9770E8CC7DD009D7055 /* CoreServices.framework */,
				E45BE9790E8CC7DD009D7055 /* OpenGL.framework */,
				E45BE97A0E8CC7DD009D7055 /* QuickTime.framework */,
				E7E077E415D3B63C0020DFD4 /* CoreVideo.framework */,
				E7E077E715D3B6510020DFD4 /* QTKit.framework */,
			);
			name = "system frameworks";
			sourceTree = "<group>";
		};
		BBAB23CA13894EDB00AA2426 /* 3rd party frameworks */ = {
			isa = PBXGroup;
			children = (
				BBAB23BE13894E4700AA2426 /* GLUT.framework */,
			);
			name = "3rd party frameworks";
			sourceTree = "<group>";
		};
		E4328144138ABC890047C5CB /* Products */ = {
			isa = PBXGroup;
			children = (
				E4328148138ABC890047C5CB /* openFrameworksDebug.a */,
			);
			name = Products;
			sourceTree = "<group>";
		};
		E45BE5980E8CC70C009D7055 /* frameworks */ = {
			isa = PBXGroup;
			children = (
				BBAB23CA13894EDB00AA2426 /* 3rd party frameworks */,
				BBAB23C913894ECA00AA2426 /* system frameworks */,
			);
			name = frameworks;
			sourceTree = "<group>";
		};
		E4B69B4A0A3A1720003C02F2 = {
			isa = PBXGroup;
			children = (
				E4B6FCAD0C3E899E008CF71C /* openFrameworks-Info.plist */,
				E4EB6923138AFD0F00A09F29 /* Project.xcconfig */,
				E4B69E1C0A3A1BDC003C02F2 /* src */,
				E4EEC9E9138DF44700A80321 /* openFrameworks */,
				BB4B014C10F69532006C3DED /* addons */,
				E45BE5980E8CC70C009D7055 /* frameworks */,
				E4B69B5B0A3A1756003C02F2 /* ofxGVF-ExampleDebug.app */,
			);
			sourceTree = "<group>";
		};
		E4B69E1C0A3A1BDC003C02F2 /* src */ = {
			isa = PBXGroup;
			children = (
				E4B69E1D0A3A1BDC003C02F2 /* main.cpp */,
				E4B69E1E0A3A1BDC003C02F2 /* ofApp.cpp */,
				E4B69E1F0A3A1BDC003C02F2 /* ofApp.h */,
			);
			path = src;
			sourceTree = SOURCE_ROOT;
		};
		E4EEC9E9138DF44700A80321 /* openFrameworks */ = {
			isa = PBXGroup;
			children = (
				E4EB691F138AFCF100A09F29 /* CoreOF.xcconfig */,
				E4328143138ABC890047C5CB /* openFrameworksLib.xcodeproj */,
			);
			name = openFrameworks;
			sourceTree = "<group>";
		};
/* End PBXGroup section */

/* Begin PBXNativeTarget section */
		E4B69B5A0A3A1756003C02F2 /* ofxGVF-Example */ = {
			isa = PBXNativeTarget;
			buildConfigurationList = E4B69B5F0A3A1757003C02F2 /* Build configuration list for PBXNativeTarget "ofxGVF-Example" */;
			buildPhases = (
				E4B69B580A3A1756003C02F2 /* Sources */,
				E4B69B590A3A1756003C02F2 /* Frameworks */,
				E4B6FFFD0C3F9AB9008CF71C /* ShellScript */,
				E4C2427710CC5ABF004149E2 /* CopyFiles */,
			);
			buildRules = (
			);
			dependencies = (
				E4EEB9AC138B136A00A80321 /* PBXTargetDependency */,
			);
			name = "ofxGVF-Example";
			productName = myOFApp;
			productReference = E4B69B5B0A3A1756003C02F2 /* ofxGVF-ExampleDebug.app */;
			productType = "com.apple.product-type.application";
		};
/* End PBXNativeTarget section */

/* Begin PBXProject section */
		E4B69B4C0A3A1720003C02F2 /* Project object */ = {
			isa = PBXProject;
			attributes = {
				LastUpgradeCheck = 0460;
			};
			buildConfigurationList = E4B69B4D0A3A1720003C02F2 /* Build configuration list for PBXProject "ofxGVF-Example" */;
			compatibilityVersion = "Xcode 3.2";
			developmentRegion = English;
			hasScannedForEncodings = 0;
			knownRegions = (
				English,
				Japanese,
				French,
				German,
			);
			mainGroup = E4B69B4A0A3A1720003C02F2;
			productRefGroup = E4B69B4A0A3A1720003C02F2;
			projectDirPath = "";
			projectReferences = (
				{
					ProductGroup = E4328144138ABC890047C5CB /* Products */;
					ProjectRef = E4328143138ABC890047C5CB /* openFrameworksLib.xcodeproj */;
				},
			);
			projectRoot = "";
			targets = (
				E4B69B5A0A3A1756003C02F2 /* ofxGVF-Example */,
			);
		};
/* End PBXProject section */

/* Begin PBXReferenceProxy section */
		E4328148138ABC890047C5CB /* openFrameworksDebug.a */ = {
			isa = PBXReferenceProxy;
			fileType = archive.ar;
			path = openFrameworksDebug.a;
			remoteRef = E4328147138ABC890047C5CB /* PBXContainerItemProxy */;
			sourceTree = BUILT_PRODUCTS_DIR;
		};
/* End PBXReferenceProxy section */

/* Begin PBXShellScriptBuildPhase section */
		E4B6FFFD0C3F9AB9008CF71C /* ShellScript */ = {
			isa = PBXShellScriptBuildPhase;
			buildActionMask = 2147483647;
			files = (
			);
			inputPaths = (
			);
			outputPaths = (
			);
			runOnlyForDeploymentPostprocessing = 0;
			shellPath = /bin/sh;
			shellScript = "cp -f ../../../libs/fmodex/lib/osx/libfmodex.dylib \"$TARGET_BUILD_DIR/$PRODUCT_NAME.app/Contents/MacOS/libfmodex.dylib\"; install_name_tool -change ./libfmodex.dylib @executable_path/libfmodex.dylib \"$TARGET_BUILD_DIR/$PRODUCT_NAME.app/Contents/MacOS/$PRODUCT_NAME\";\nmkdir -p \"$TARGET_BUILD_DIR/$PRODUCT_NAME.app/Contents/Resources/\"\ncp -f \"$ICON_FILE\" \"$TARGET_BUILD_DIR/$PRODUCT_NAME.app/Contents/Resources/\"\n";
		};
/* End PBXShellScriptBuildPhase section */

/* Begin PBXSourcesBuildPhase section */
		E4B69B580A3A1756003C02F2 /* Sources */ = {
			isa = PBXSourcesBuildPhase;
			buildActionMask = 2147483647;
			files = (
				21F734E61A7FC11700D3484C /* ofxUI2DPad.cpp in Sources */,
				21F734F21A7FC11700D3484C /* ofxUIImageButton.cpp in Sources */,
				21F734F61A7FC11700D3484C /* ofxUILabel.cpp in Sources */,
				21F735041A7FC11700D3484C /* ofxUISortableList.cpp in Sources */,
				21F735501A7FC18100D3484C /* tinyxml.cpp in Sources */,
				21F735081A7FC11700D3484C /* ofxUITabBar.cpp in Sources */,
				E4B69E200A3A1BDC003C02F2 /* main.cpp in Sources */,
				21F734FD1A7FC11700D3484C /* ofxUINumberDialer.cpp in Sources */,
				E4B69E210A3A1BDC003C02F2 /* ofApp.cpp in Sources */,
				21F734F71A7FC11700D3484C /* ofxUILabelButton.cpp in Sources */,
				21F734F81A7FC11700D3484C /* ofxUILabelToggle.cpp in Sources */,
				21F734FC1A7FC11700D3484C /* ofxUIMultiImageToggle.cpp in Sources */,
				21F734F41A7FC11700D3484C /* ofxUIImageSlider.cpp in Sources */,
				21F734F01A7FC11700D3484C /* ofxUIFPSSlider.cpp in Sources */,
				21F7350B1A7FC11700D3484C /* ofxUIToggle.cpp in Sources */,
				21F7350E1A7FC11700D3484C /* ofxUIWaveform.cpp in Sources */,
				21F7324E1A7FBF0800D3484C /* ofxGVF.cpp in Sources */,
				21F7350C1A7FC11700D3484C /* ofxUIToggleMatrix.cpp in Sources */,
				21F734F31A7FC11700D3484C /* ofxUIImageSampler.cpp in Sources */,
				21F735021A7FC11700D3484C /* ofxUIScrollableCanvas.cpp in Sources */,
				21F734EC1A7FC11700D3484C /* ofxUIDragableLabelButton.cpp in Sources */,
				21F735091A7FC11700D3484C /* ofxUITextArea.cpp in Sources */,
				21F734FE1A7FC11700D3484C /* ofxUIRadio.cpp in Sources */,
				21F734FB1A7FC11700D3484C /* ofxUIMultiImageButton.cpp in Sources */,
				21F735531A7FC18100D3484C /* ofxXmlSettings.cpp in Sources */,
				21F735031A7FC11700D3484C /* ofxUISlider.cpp in Sources */,
				21F735011A7FC11700D3484C /* ofxUIRotarySlider.cpp in Sources */,
				21F7350A1A7FC11700D3484C /* ofxUITextInput.cpp in Sources */,
				21F734F91A7FC11700D3484C /* ofxUIMinimalSlider.cpp in Sources */,
				21F734E91A7FC11700D3484C /* ofxUIButton.cpp in Sources */,
				21F735521A7FC18100D3484C /* tinyxmlparser.cpp in Sources */,
				21F7350F1A7FC11700D3484C /* ofxUIWidget.cpp in Sources */,
				21F734F11A7FC11700D3484C /* ofxUIImage.cpp in Sources */,
				21F734E81A7FC11700D3484C /* ofxUIBiLabelSlider.cpp in Sources */,
				21F734EF1A7FC11700D3484C /* ofxUIFPS.cpp in Sources */,
				21F735051A7FC11700D3484C /* ofxUISpacer.cpp in Sources */,
				21F734FA1A7FC11700D3484C /* ofxUIMovingGraph.cpp in Sources */,
				21F734EA1A7FC11700D3484C /* ofxUICanvas.cpp in Sources */,
				21F735101A7FC11700D3484C /* ofxUIWidgetWithLabel.cpp in Sources */,
				21F735001A7FC11700D3484C /* ofxUIRectangle.cpp in Sources */,
				21F7350D1A7FC11700D3484C /* ofxUIValuePlotter.cpp in Sources */,
				21F735071A7FC11700D3484C /* ofxUISuperCanvas.cpp in Sources */,
				21F734FF1A7FC11700D3484C /* ofxUIRangeSlider.cpp in Sources */,
				21F734EE1A7FC11700D3484C /* ofxUIEventArgs.cpp in Sources */,
				21F734F51A7FC11700D3484C /* ofxUIImageToggle.cpp in Sources */,
				21F734E51A7FC11700D3484C /* ofxUI2DGraph.cpp in Sources */,
				21F734E71A7FC11700D3484C /* ofxUIBaseDraws.cpp in Sources */,
				21F735061A7FC11700D3484C /* ofxUISpectrum.cpp in Sources */,
				21F734EB1A7FC11700D3484C /* ofxUICircleSlider.cpp in Sources */,
				21F735511A7FC18100D3484C /* tinyxmlerror.cpp in Sources */,
				21F734ED1A7FC11700D3484C /* ofxUIDropDownList.cpp in Sources */,
			);
			runOnlyForDeploymentPostprocessing = 0;
		};
/* End PBXSourcesBuildPhase section */

/* Begin PBXTargetDependency section */
		E4EEB9AC138B136A00A80321 /* PBXTargetDependency */ = {
			isa = PBXTargetDependency;
			name = openFrameworks;
			targetProxy = E4EEB9AB138B136A00A80321 /* PBXContainerItemProxy */;
		};
/* End PBXTargetDependency section */

/* Begin XCBuildConfiguration section */
		E4B69B4E0A3A1720003C02F2 /* Debug */ = {
			isa = XCBuildConfiguration;
			baseConfigurationReference = E4EB6923138AFD0F00A09F29 /* Project.xcconfig */;
			buildSettings = {
				ARCHS = "$(NATIVE_ARCH)";
				CONFIGURATION_BUILD_DIR = "$(SRCROOT)/bin/";
				COPY_PHASE_STRIP = NO;
				DEAD_CODE_STRIPPING = YES;
				GCC_AUTO_VECTORIZATION = YES;
				GCC_ENABLE_SSE3_EXTENSIONS = YES;
				GCC_ENABLE_SUPPLEMENTAL_SSE3_INSTRUCTIONS = YES;
				GCC_INLINES_ARE_PRIVATE_EXTERN = NO;
				GCC_OPTIMIZATION_LEVEL = 0;
				GCC_SYMBOLS_PRIVATE_EXTERN = NO;
				GCC_WARN_ABOUT_DEPRECATED_FUNCTIONS = YES;
				GCC_WARN_ABOUT_INVALID_OFFSETOF_MACRO = NO;
				GCC_WARN_ALLOW_INCOMPLETE_PROTOCOL = NO;
				GCC_WARN_UNINITIALIZED_AUTOS = NO;
				GCC_WARN_UNUSED_VALUE = NO;
				GCC_WARN_UNUSED_VARIABLE = NO;
				HEADER_SEARCH_PATHS = (
					"$(OF_CORE_HEADERS)",
					../../../addons/ofxGui/libs,
					../../../addons/ofxGui/src,
					../../../addons/ofxGVF/libs,
					../../../addons/ofxGVF/src,
				);
				MACOSX_DEPLOYMENT_TARGET = 10.6;
				OTHER_CPLUSPLUSFLAGS = (
					"-D__MACOSX_CORE__",
					"-lpthread",
					"-mtune=native",
				);
				SDKROOT = macosx;
			};
			name = Debug;
		};
		E4B69B4F0A3A1720003C02F2 /* Release */ = {
			isa = XCBuildConfiguration;
			baseConfigurationReference = E4EB6923138AFD0F00A09F29 /* Project.xcconfig */;
			buildSettings = {
				ARCHS = "$(NATIVE_ARCH)";
				CONFIGURATION_BUILD_DIR = "$(SRCROOT)/bin/";
				COPY_PHASE_STRIP = YES;
				DEAD_CODE_STRIPPING = YES;
				GCC_AUTO_VECTORIZATION = YES;
				GCC_ENABLE_SSE3_EXTENSIONS = YES;
				GCC_ENABLE_SUPPLEMENTAL_SSE3_INSTRUCTIONS = YES;
				GCC_INLINES_ARE_PRIVATE_EXTERN = NO;
				GCC_OPTIMIZATION_LEVEL = 3;
				GCC_SYMBOLS_PRIVATE_EXTERN = NO;
				GCC_UNROLL_LOOPS = YES;
				GCC_WARN_ABOUT_DEPRECATED_FUNCTIONS = YES;
				GCC_WARN_ABOUT_INVALID_OFFSETOF_MACRO = NO;
				GCC_WARN_ALLOW_INCOMPLETE_PROTOCOL = NO;
				GCC_WARN_UNINITIALIZED_AUTOS = NO;
				GCC_WARN_UNUSED_VALUE = NO;
				GCC_WARN_UNUSED_VARIABLE = NO;
				HEADER_SEARCH_PATHS = (
					"$(OF_CORE_HEADERS)",
					../../../addons/ofxGui/libs,
					../../../addons/ofxGui/src,
					../../../addons/ofxGVF/libs,
					../../../addons/ofxGVF/src,
				);
				MACOSX_DEPLOYMENT_TARGET = 10.6;
				OTHER_CPLUSPLUSFLAGS = (
					"-D__MACOSX_CORE__",
					"-lpthread",
					"-mtune=native",
				);
				SDKROOT = macosx;
			};
			name = Release;
		};
		E4B69B600A3A1757003C02F2 /* Debug */ = {
			isa = XCBuildConfiguration;
			buildSettings = {
				COMBINE_HIDPI_IMAGES = YES;
				COPY_PHASE_STRIP = NO;
				FRAMEWORK_SEARCH_PATHS = (
					"$(inherited)",
					"$(FRAMEWORK_SEARCH_PATHS_QUOTED_FOR_TARGET_1)",
				);
				FRAMEWORK_SEARCH_PATHS_QUOTED_FOR_TARGET_1 = "\"$(SRCROOT)/../../../libs/glut/lib/osx\"";
				GCC_DYNAMIC_NO_PIC = NO;
				GCC_GENERATE_DEBUGGING_SYMBOLS = YES;
				GCC_MODEL_TUNING = NONE;
				ICON = "$(ICON_NAME_DEBUG)";
				ICON_FILE = "$(ICON_FILE_PATH)$(ICON)";
				INFOPLIST_FILE = "openFrameworks-Info.plist";
				INSTALL_PATH = "$(HOME)/Applications";
				LIBRARY_SEARCH_PATHS = (
					"$(inherited)",
					"$(LIBRARY_SEARCH_PATHS_QUOTED_FOR_TARGET_1)",
					"$(LIBRARY_SEARCH_PATHS_QUOTED_FOR_TARGET_2)",
					"$(LIBRARY_SEARCH_PATHS_QUOTED_FOR_TARGET_3)",
					"$(LIBRARY_SEARCH_PATHS_QUOTED_FOR_TARGET_4)",
					"$(LIBRARY_SEARCH_PATHS_QUOTED_FOR_TARGET_5)",
					"$(LIBRARY_SEARCH_PATHS_QUOTED_FOR_TARGET_6)",
					"$(LIBRARY_SEARCH_PATHS_QUOTED_FOR_TARGET_7)",
					"$(LIBRARY_SEARCH_PATHS_QUOTED_FOR_TARGET_8)",
					"$(LIBRARY_SEARCH_PATHS_QUOTED_FOR_TARGET_9)",
					"$(LIBRARY_SEARCH_PATHS_QUOTED_FOR_TARGET_10)",
					"$(LIBRARY_SEARCH_PATHS_QUOTED_FOR_TARGET_11)",
					"$(LIBRARY_SEARCH_PATHS_QUOTED_FOR_TARGET_12)",
					"$(LIBRARY_SEARCH_PATHS_QUOTED_FOR_TARGET_13)",
					"$(LIBRARY_SEARCH_PATHS_QUOTED_FOR_TARGET_14)",
					"$(LIBRARY_SEARCH_PATHS_QUOTED_FOR_TARGET_15)",
					"$(LIBRARY_SEARCH_PATHS_QUOTED_FOR_TARGET_2)",
					"$(LIBRARY_SEARCH_PATHS_QUOTED_FOR_TARGET_3)",
					"$(LIBRARY_SEARCH_PATHS_QUOTED_FOR_TARGET_7)",
					"$(LIBRARY_SEARCH_PATHS_QUOTED_FOR_TARGET_8)",
					"$(LIBRARY_SEARCH_PATHS_QUOTED_FOR_TARGET_9)",
					"$(LIBRARY_SEARCH_PATHS_QUOTED_FOR_TARGET_10)",
					"$(LIBRARY_SEARCH_PATHS_QUOTED_FOR_TARGET_11)",
					"$(LIBRARY_SEARCH_PATHS_QUOTED_FOR_TARGET_12)",
					"$(LIBRARY_SEARCH_PATHS_QUOTED_FOR_TARGET_13)",
					"$(LIBRARY_SEARCH_PATHS_QUOTED_FOR_TARGET_16)",
					"$(LIBRARY_SEARCH_PATHS_QUOTED_FOR_TARGET_17)",
					"$(LIBRARY_SEARCH_PATHS_QUOTED_FOR_TARGET_18)",
					"$(LIBRARY_SEARCH_PATHS_QUOTED_FOR_TARGET_19)",
					"$(LIBRARY_SEARCH_PATHS_QUOTED_FOR_TARGET_20)",
					"$(LIBRARY_SEARCH_PATHS_QUOTED_FOR_TARGET_21)",
					"$(LIBRARY_SEARCH_PATHS_QUOTED_FOR_TARGET_22)",
					"$(LIBRARY_SEARCH_PATHS_QUOTED_FOR_TARGET_23)",
					"$(LIBRARY_SEARCH_PATHS_QUOTED_FOR_TARGET_24)",
					"$(LIBRARY_SEARCH_PATHS_QUOTED_FOR_TARGET_25)",
					"$(LIBRARY_SEARCH_PATHS_QUOTED_FOR_TARGET_26)",
					"$(LIBRARY_SEARCH_PATHS_QUOTED_FOR_TARGET_27)",
					"$(LIBRARY_SEARCH_PATHS_QUOTED_FOR_TARGET_28)",
					"$(LIBRARY_SEARCH_PATHS_QUOTED_FOR_TARGET_29)",
					"$(LIBRARY_SEARCH_PATHS_QUOTED_FOR_TARGET_30)",
					"$(LIBRARY_SEARCH_PATHS_QUOTED_FOR_TARGET_31)",
					"$(LIBRARY_SEARCH_PATHS_QUOTED_FOR_TARGET_32)",
					"$(LIBRARY_SEARCH_PATHS_QUOTED_FOR_TARGET_33)",
					"$(LIBRARY_SEARCH_PATHS_QUOTED_FOR_TARGET_34)",
					"$(LIBRARY_SEARCH_PATHS_QUOTED_FOR_TARGET_35)",
					"$(LIBRARY_SEARCH_PATHS_QUOTED_FOR_TARGET_36)",
					"$(LIBRARY_SEARCH_PATHS_QUOTED_FOR_TARGET_37)",
					"$(LIBRARY_SEARCH_PATHS_QUOTED_FOR_TARGET_38)",
					"$(LIBRARY_SEARCH_PATHS_QUOTED_FOR_TARGET_39)",
					"$(LIBRARY_SEARCH_PATHS_QUOTED_FOR_TARGET_40)",
					"$(LIBRARY_SEARCH_PATHS_QUOTED_FOR_TARGET_41)",
					"$(LIBRARY_SEARCH_PATHS_QUOTED_FOR_TARGET_42)",
					"$(LIBRARY_SEARCH_PATHS_QUOTED_FOR_TARGET_43)",
					"$(LIBRARY_SEARCH_PATHS_QUOTED_FOR_TARGET_44)",
					"$(LIBRARY_SEARCH_PATHS_QUOTED_FOR_TARGET_45)",
					"$(LIBRARY_SEARCH_PATHS_QUOTED_FOR_TARGET_46)",
					"$(LIBRARY_SEARCH_PATHS_QUOTED_FOR_TARGET_47)",
					"$(LIBRARY_SEARCH_PATHS_QUOTED_FOR_TARGET_48)",
					"$(LIBRARY_SEARCH_PATHS_QUOTED_FOR_TARGET_49)",
					"$(LIBRARY_SEARCH_PATHS_QUOTED_FOR_TARGET_50)",
					"$(LIBRARY_SEARCH_PATHS_QUOTED_FOR_TARGET_51)",
					"$(LIBRARY_SEARCH_PATHS_QUOTED_FOR_TARGET_52)",
				);
				PRODUCT_NAME = "$(TARGET_NAME)Debug";
				WRAPPER_EXTENSION = app;
			};
			name = Debug;
		};
		E4B69B610A3A1757003C02F2 /* Release */ = {
			isa = XCBuildConfiguration;
			buildSettings = {
				COMBINE_HIDPI_IMAGES = YES;
				COPY_PHASE_STRIP = YES;
				FRAMEWORK_SEARCH_PATHS = (
					"$(inherited)",
					"$(FRAMEWORK_SEARCH_PATHS_QUOTED_FOR_TARGET_1)",
				);
				FRAMEWORK_SEARCH_PATHS_QUOTED_FOR_TARGET_1 = "\"$(SRCROOT)/../../../libs/glut/lib/osx\"";
				GCC_GENERATE_DEBUGGING_SYMBOLS = YES;
				GCC_MODEL_TUNING = NONE;
				ICON = "$(ICON_NAME_RELEASE)";
				ICON_FILE = "$(ICON_FILE_PATH)$(ICON)";
				INFOPLIST_FILE = "openFrameworks-Info.plist";
				INSTALL_PATH = "$(HOME)/Applications";
				LIBRARY_SEARCH_PATHS = (
					"$(inherited)",
					"$(LIBRARY_SEARCH_PATHS_QUOTED_FOR_TARGET_1)",
					"$(LIBRARY_SEARCH_PATHS_QUOTED_FOR_TARGET_2)",
					"$(LIBRARY_SEARCH_PATHS_QUOTED_FOR_TARGET_3)",
					"$(LIBRARY_SEARCH_PATHS_QUOTED_FOR_TARGET_4)",
					"$(LIBRARY_SEARCH_PATHS_QUOTED_FOR_TARGET_5)",
					"$(LIBRARY_SEARCH_PATHS_QUOTED_FOR_TARGET_6)",
					"$(LIBRARY_SEARCH_PATHS_QUOTED_FOR_TARGET_7)",
					"$(LIBRARY_SEARCH_PATHS_QUOTED_FOR_TARGET_8)",
					"$(LIBRARY_SEARCH_PATHS_QUOTED_FOR_TARGET_9)",
					"$(LIBRARY_SEARCH_PATHS_QUOTED_FOR_TARGET_10)",
					"$(LIBRARY_SEARCH_PATHS_QUOTED_FOR_TARGET_11)",
					"$(LIBRARY_SEARCH_PATHS_QUOTED_FOR_TARGET_12)",
					"$(LIBRARY_SEARCH_PATHS_QUOTED_FOR_TARGET_13)",
					"$(LIBRARY_SEARCH_PATHS_QUOTED_FOR_TARGET_14)",
					"$(LIBRARY_SEARCH_PATHS_QUOTED_FOR_TARGET_15)",
					"$(LIBRARY_SEARCH_PATHS_QUOTED_FOR_TARGET_2)",
					"$(LIBRARY_SEARCH_PATHS_QUOTED_1)",
					"$(LIBRARY_SEARCH_PATHS_QUOTED_FOR_TARGET_3)",
					"$(LIBRARY_SEARCH_PATHS_QUOTED_FOR_TARGET_7)",
					"$(LIBRARY_SEARCH_PATHS_QUOTED_FOR_TARGET_8)",
					"$(LIBRARY_SEARCH_PATHS_QUOTED_FOR_TARGET_9)",
					"$(LIBRARY_SEARCH_PATHS_QUOTED_FOR_TARGET_10)",
					"$(LIBRARY_SEARCH_PATHS_QUOTED_FOR_TARGET_11)",
					"$(LIBRARY_SEARCH_PATHS_QUOTED_FOR_TARGET_12)",
					"$(LIBRARY_SEARCH_PATHS_QUOTED_FOR_TARGET_13)",
					"$(LIBRARY_SEARCH_PATHS_QUOTED_FOR_TARGET_16)",
					"$(LIBRARY_SEARCH_PATHS_QUOTED_FOR_TARGET_17)",
					"$(LIBRARY_SEARCH_PATHS_QUOTED_FOR_TARGET_18)",
					"$(LIBRARY_SEARCH_PATHS_QUOTED_FOR_TARGET_19)",
					"$(LIBRARY_SEARCH_PATHS_QUOTED_FOR_TARGET_20)",
					"$(LIBRARY_SEARCH_PATHS_QUOTED_FOR_TARGET_21)",
					"$(LIBRARY_SEARCH_PATHS_QUOTED_FOR_TARGET_22)",
					"$(LIBRARY_SEARCH_PATHS_QUOTED_FOR_TARGET_23)",
					"$(LIBRARY_SEARCH_PATHS_QUOTED_FOR_TARGET_24)",
					"$(LIBRARY_SEARCH_PATHS_QUOTED_FOR_TARGET_25)",
					"$(LIBRARY_SEARCH_PATHS_QUOTED_FOR_TARGET_26)",
					"$(LIBRARY_SEARCH_PATHS_QUOTED_FOR_TARGET_27)",
					"$(LIBRARY_SEARCH_PATHS_QUOTED_FOR_TARGET_28)",
					"$(LIBRARY_SEARCH_PATHS_QUOTED_FOR_TARGET_29)",
					"$(LIBRARY_SEARCH_PATHS_QUOTED_FOR_TARGET_30)",
					"$(LIBRARY_SEARCH_PATHS_QUOTED_FOR_TARGET_31)",
					"$(LIBRARY_SEARCH_PATHS_QUOTED_FOR_TARGET_32)",
					"$(LIBRARY_SEARCH_PATHS_QUOTED_FOR_TARGET_33)",
					"$(LIBRARY_SEARCH_PATHS_QUOTED_FOR_TARGET_34)",
					"$(LIBRARY_SEARCH_PATHS_QUOTED_FOR_TARGET_35)",
					"$(LIBRARY_SEARCH_PATHS_QUOTED_FOR_TARGET_36)",
					"$(LIBRARY_SEARCH_PATHS_QUOTED_FOR_TARGET_37)",
					"$(LIBRARY_SEARCH_PATHS_QUOTED_FOR_TARGET_38)",
					"$(LIBRARY_SEARCH_PATHS_QUOTED_FOR_TARGET_39)",
					"$(LIBRARY_SEARCH_PATHS_QUOTED_FOR_TARGET_40)",
					"$(LIBRARY_SEARCH_PATHS_QUOTED_FOR_TARGET_41)",
					"$(LIBRARY_SEARCH_PATHS_QUOTED_FOR_TARGET_42)",
					"$(LIBRARY_SEARCH_PATHS_QUOTED_FOR_TARGET_43)",
					"$(LIBRARY_SEARCH_PATHS_QUOTED_FOR_TARGET_44)",
					"$(LIBRARY_SEARCH_PATHS_QUOTED_FOR_TARGET_45)",
					"$(LIBRARY_SEARCH_PATHS_QUOTED_FOR_TARGET_46)",
					"$(LIBRARY_SEARCH_PATHS_QUOTED_FOR_TARGET_47)",
					"$(LIBRARY_SEARCH_PATHS_QUOTED_FOR_TARGET_48)",
					"$(LIBRARY_SEARCH_PATHS_QUOTED_FOR_TARGET_49)",
					"$(LIBRARY_SEARCH_PATHS_QUOTED_FOR_TARGET_50)",
					"$(LIBRARY_SEARCH_PATHS_QUOTED_FOR_TARGET_51)",
				);
				PRODUCT_NAME = "$(TARGET_NAME)";
				WRAPPER_EXTENSION = app;
			};
			name = Release;
		};
/* End XCBuildConfiguration section */

/* Begin XCConfigurationList section */
		E4B69B4D0A3A1720003C02F2 /* Build configuration list for PBXProject "ofxGVF-Example" */ = {
			isa = XCConfigurationList;
			buildConfigurations = (
				E4B69B4E0A3A1720003C02F2 /* Debug */,
				E4B69B4F0A3A1720003C02F2 /* Release */,
			);
			defaultConfigurationIsVisible = 0;
			defaultConfigurationName = Release;
		};
		E4B69B5F0A3A1757003C02F2 /* Build configuration list for PBXNativeTarget "ofxGVF-Example" */ = {
			isa = XCConfigurationList;
			buildConfigurations = (
				E4B69B600A3A1757003C02F2 /* Debug */,
				E4B69B610A3A1757003C02F2 /* Release */,
			);
			defaultConfigurationIsVisible = 0;
			defaultConfigurationName = Release;
		};
/* End XCConfigurationList section */
	};
	rootObject = E4B69B4C0A3A1720003C02F2 /* Project object */;
}
